// !$*UTF8*$!
{
	archiveVersion = 1;
	classes = {
	};
	objectVersion = 50;
	objects = {

/* Begin PBXBuildFile section */
		4B115D852292081A0036ECF4 /* BoxModel.swift in Sources */ = {isa = PBXBuildFile; fileRef = 4B115D842292081A0036ECF4 /* BoxModel.swift */; };
		4B115D87229208680036ECF4 /* BoxesSingleton.swift in Sources */ = {isa = PBXBuildFile; fileRef = 4B115D86229208680036ECF4 /* BoxesSingleton.swift */; };
		4B8ED609228E2BBE00FD55C1 /* PokemonModel.swift in Sources */ = {isa = PBXBuildFile; fileRef = 4B8ED608228E2BBE00FD55C1 /* PokemonModel.swift */; };
		4B8ED60B228E2BCB00FD55C1 /* PokemonsSingleton.swift in Sources */ = {isa = PBXBuildFile; fileRef = 4B8ED60A228E2BCB00FD55C1 /* PokemonsSingleton.swift */; };
		4B8ED60F228E30B800FD55C1 /* PokemonCollectionViewCell.swift in Sources */ = {isa = PBXBuildFile; fileRef = 4B8ED60E228E30B800FD55C1 /* PokemonCollectionViewCell.swift */; };
		4B8ED613228E332100FD55C1 /* PokemonsViewController.swift in Sources */ = {isa = PBXBuildFile; fileRef = 4B8ED612228E332100FD55C1 /* PokemonsViewController.swift */; };
		4BC1F57F2292114D00AA1393 /* BoxesCollectionViewCell.swift in Sources */ = {isa = PBXBuildFile; fileRef = 4BC1F57E2292114D00AA1393 /* BoxesCollectionViewCell.swift */; };
		4BC1F58222932B8300AA1393 /* PokemonsCollectionViewCell.swift in Sources */ = {isa = PBXBuildFile; fileRef = 4BC1F58022932B8300AA1393 /* PokemonsCollectionViewCell.swift */; };
		4BC1F58322932B8300AA1393 /* PokemonsCollectionViewCell.xib in Resources */ = {isa = PBXBuildFile; fileRef = 4BC1F58122932B8300AA1393 /* PokemonsCollectionViewCell.xib */; };
		4BCD3CDE228E28F3004BB8B4 /* AppDelegate.swift in Sources */ = {isa = PBXBuildFile; fileRef = 4BCD3CDD228E28F3004BB8B4 /* AppDelegate.swift */; };
		4BCD3CE3228E28F3004BB8B4 /* Main.storyboard in Resources */ = {isa = PBXBuildFile; fileRef = 4BCD3CE1228E28F3004BB8B4 /* Main.storyboard */; };
		4BCD3CE5228E28F6004BB8B4 /* Assets.xcassets in Resources */ = {isa = PBXBuildFile; fileRef = 4BCD3CE4228E28F6004BB8B4 /* Assets.xcassets */; };
		4BCD3CE8228E28F6004BB8B4 /* LaunchScreen.storyboard in Resources */ = {isa = PBXBuildFile; fileRef = 4BCD3CE6228E28F6004BB8B4 /* LaunchScreen.storyboard */; };
/* End PBXBuildFile section */

/* Begin PBXFileReference section */
		4B115D842292081A0036ECF4 /* BoxModel.swift */ = {isa = PBXFileReference; lastKnownFileType = sourcecode.swift; path = BoxModel.swift; sourceTree = "<group>"; };
		4B115D86229208680036ECF4 /* BoxesSingleton.swift */ = {isa = PBXFileReference; lastKnownFileType = sourcecode.swift; path = BoxesSingleton.swift; sourceTree = "<group>"; };
		4B8ED608228E2BBE00FD55C1 /* PokemonModel.swift */ = {isa = PBXFileReference; lastKnownFileType = sourcecode.swift; path = PokemonModel.swift; sourceTree = "<group>"; };
		4B8ED60A228E2BCB00FD55C1 /* PokemonsSingleton.swift */ = {isa = PBXFileReference; lastKnownFileType = sourcecode.swift; path = PokemonsSingleton.swift; sourceTree = "<group>"; };
		4B8ED60E228E30B800FD55C1 /* PokemonCollectionViewCell.swift */ = {isa = PBXFileReference; lastKnownFileType = sourcecode.swift; path = PokemonCollectionViewCell.swift; sourceTree = "<group>"; };
		4B8ED612228E332100FD55C1 /* PokemonsViewController.swift */ = {isa = PBXFileReference; lastKnownFileType = sourcecode.swift; path = PokemonsViewController.swift; sourceTree = "<group>"; };
		4BC1F57E2292114D00AA1393 /* BoxesCollectionViewCell.swift */ = {isa = PBXFileReference; lastKnownFileType = sourcecode.swift; path = BoxesCollectionViewCell.swift; sourceTree = "<group>"; };
		4BC1F58022932B8300AA1393 /* PokemonsCollectionViewCell.swift */ = {isa = PBXFileReference; lastKnownFileType = sourcecode.swift; path = PokemonsCollectionViewCell.swift; sourceTree = "<group>"; };
		4BC1F58122932B8300AA1393 /* PokemonsCollectionViewCell.xib */ = {isa = PBXFileReference; lastKnownFileType = file.xib; path = PokemonsCollectionViewCell.xib; sourceTree = "<group>"; };
		4BCD3CDA228E28F3004BB8B4 /* Pokebox.app */ = {isa = PBXFileReference; explicitFileType = wrapper.application; includeInIndex = 0; path = Pokebox.app; sourceTree = BUILT_PRODUCTS_DIR; };
		4BCD3CDD228E28F3004BB8B4 /* AppDelegate.swift */ = {isa = PBXFileReference; lastKnownFileType = sourcecode.swift; path = AppDelegate.swift; sourceTree = "<group>"; };
		4BCD3CE2228E28F3004BB8B4 /* Base */ = {isa = PBXFileReference; lastKnownFileType = file.storyboard; name = Base; path = Base.lproj/Main.storyboard; sourceTree = "<group>"; };
		4BCD3CE4228E28F6004BB8B4 /* Assets.xcassets */ = {isa = PBXFileReference; lastKnownFileType = folder.assetcatalog; path = Assets.xcassets; sourceTree = "<group>"; };
		4BCD3CE7228E28F6004BB8B4 /* Base */ = {isa = PBXFileReference; lastKnownFileType = file.storyboard; name = Base; path = Base.lproj/LaunchScreen.storyboard; sourceTree = "<group>"; };
		4BCD3CE9228E28F6004BB8B4 /* Info.plist */ = {isa = PBXFileReference; lastKnownFileType = text.plist.xml; path = Info.plist; sourceTree = "<group>"; };
/* End PBXFileReference section */

/* Begin PBXFrameworksBuildPhase section */
		4BCD3CD7228E28F3004BB8B4 /* Frameworks */ = {
			isa = PBXFrameworksBuildPhase;
			buildActionMask = 2147483647;
			files = (
			);
			runOnlyForDeploymentPostprocessing = 0;
		};
/* End PBXFrameworksBuildPhase section */

/* Begin PBXGroup section */
		4BCD3CD1228E28F3004BB8B4 = {
			isa = PBXGroup;
			children = (
				4BCD3CDC228E28F3004BB8B4 /* Pokebox */,
				4BCD3CDB228E28F3004BB8B4 /* Products */,
			);
			sourceTree = "<group>";
		};
		4BCD3CDB228E28F3004BB8B4 /* Products */ = {
			isa = PBXGroup;
			children = (
				4BCD3CDA228E28F3004BB8B4 /* Pokebox.app */,
			);
			name = Products;
			sourceTree = "<group>";
		};
		4BCD3CDC228E28F3004BB8B4 /* Pokebox */ = {
			isa = PBXGroup;
			children = (
				4BCD3CDD228E28F3004BB8B4 /* AppDelegate.swift */,
				4BCD3CE1228E28F3004BB8B4 /* Main.storyboard */,
				4BCD3CE4228E28F6004BB8B4 /* Assets.xcassets */,
				4BCD3CE6228E28F6004BB8B4 /* LaunchScreen.storyboard */,
				4BCD3CE9228E28F6004BB8B4 /* Info.plist */,
				4B8ED608228E2BBE00FD55C1 /* PokemonModel.swift */,
				4BC1F58022932B8300AA1393 /* PokemonsCollectionViewCell.swift */,
				4BC1F58122932B8300AA1393 /* PokemonsCollectionViewCell.xib */,
				4B8ED60A228E2BCB00FD55C1 /* PokemonsSingleton.swift */,
				4B8ED60E228E30B800FD55C1 /* PokemonCollectionViewCell.swift */,
				4B8ED612228E332100FD55C1 /* PokemonsViewController.swift */,
				4B115D842292081A0036ECF4 /* BoxModel.swift */,
				4B115D86229208680036ECF4 /* BoxesSingleton.swift */,
				4BC1F57E2292114D00AA1393 /* BoxesCollectionViewCell.swift */,
			);
			path = Pokebox;
			sourceTree = "<group>";
		};
/* End PBXGroup section */

/* Begin PBXNativeTarget section */
		4BCD3CD9228E28F3004BB8B4 /* Pokebox */ = {
			isa = PBXNativeTarget;
			buildConfigurationList = 4BCD3CEC228E28F6004BB8B4 /* Build configuration list for PBXNativeTarget "Pokebox" */;
			buildPhases = (
				4BCD3CD6228E28F3004BB8B4 /* Sources */,
				4BCD3CD7228E28F3004BB8B4 /* Frameworks */,
				4BCD3CD8228E28F3004BB8B4 /* Resources */,
			);
			buildRules = (
			);
			dependencies = (
			);
			name = Pokebox;
			productName = Pokebox;
			productReference = 4BCD3CDA228E28F3004BB8B4 /* Pokebox.app */;
			productType = "com.apple.product-type.application";
		};
/* End PBXNativeTarget section */

/* Begin PBXProject section */
		4BCD3CD2228E28F3004BB8B4 /* Project object */ = {
			isa = PBXProject;
			attributes = {
				LastSwiftUpdateCheck = 1020;
				LastUpgradeCheck = 1020;
				ORGANIZATIONNAME = CRASHCOURSE;
				TargetAttributes = {
					4BCD3CD9228E28F3004BB8B4 = {
						CreatedOnToolsVersion = 10.2.1;
					};
				};
			};
			buildConfigurationList = 4BCD3CD5228E28F3004BB8B4 /* Build configuration list for PBXProject "Pokebox" */;
			compatibilityVersion = "Xcode 9.3";
			developmentRegion = en;
			hasScannedForEncodings = 0;
			knownRegions = (
				en,
				Base,
			);
			mainGroup = 4BCD3CD1228E28F3004BB8B4;
			productRefGroup = 4BCD3CDB228E28F3004BB8B4 /* Products */;
			projectDirPath = "";
			projectRoot = "";
			targets = (
				4BCD3CD9228E28F3004BB8B4 /* Pokebox */,
			);
		};
/* End PBXProject section */

/* Begin PBXResourcesBuildPhase section */
		4BCD3CD8228E28F3004BB8B4 /* Resources */ = {
			isa = PBXResourcesBuildPhase;
			buildActionMask = 2147483647;
			files = (
				4BCD3CE8228E28F6004BB8B4 /* LaunchScreen.storyboard in Resources */,
				4BCD3CE5228E28F6004BB8B4 /* Assets.xcassets in Resources */,
				4BC1F58322932B8300AA1393 /* PokemonsCollectionViewCell.xib in Resources */,
				4BCD3CE3228E28F3004BB8B4 /* Main.storyboard in Resources */,
			);
			runOnlyForDeploymentPostprocessing = 0;
		};
/* End PBXResourcesBuildPhase section */

/* Begin PBXSourcesBuildPhase section */
		4BCD3CD6228E28F3004BB8B4 /* Sources */ = {
			isa = PBXSourcesBuildPhase;
			buildActionMask = 2147483647;
			files = (
				4BC1F57F2292114D00AA1393 /* BoxesCollectionViewCell.swift in Sources */,
				4B8ED60B228E2BCB00FD55C1 /* PokemonsSingleton.swift in Sources */,
				4BC1F58222932B8300AA1393 /* PokemonsCollectionViewCell.swift in Sources */,
				4BCD3CDE228E28F3004BB8B4 /* AppDelegate.swift in Sources */,
				4B8ED60F228E30B800FD55C1 /* PokemonCollectionViewCell.swift in Sources */,
				4B8ED609228E2BBE00FD55C1 /* PokemonModel.swift in Sources */,
				4B115D87229208680036ECF4 /* BoxesSingleton.swift in Sources */,
				4B8ED613228E332100FD55C1 /* PokemonsViewController.swift in Sources */,
				4B115D852292081A0036ECF4 /* BoxModel.swift in Sources */,
			);
			runOnlyForDeploymentPostprocessing = 0;
		};
/* End PBXSourcesBuildPhase section */

/* Begin PBXVariantGroup section */
		4BCD3CE1228E28F3004BB8B4 /* Main.storyboard */ = {
			isa = PBXVariantGroup;
			children = (
				4BCD3CE2228E28F3004BB8B4 /* Base */,
			);
			name = Main.storyboard;
			sourceTree = "<group>";
		};
		4BCD3CE6228E28F6004BB8B4 /* LaunchScreen.storyboard */ = {
			isa = PBXVariantGroup;
			children = (
				4BCD3CE7228E28F6004BB8B4 /* Base */,
			);
			name = LaunchScreen.storyboard;
			sourceTree = "<group>";
		};
/* End PBXVariantGroup section */

/* Begin XCBuildConfiguration section */
		4BCD3CEA228E28F6004BB8B4 /* Debug */ = {
			isa = XCBuildConfiguration;
			buildSettings = {
				ALWAYS_SEARCH_USER_PATHS = NO;
				CLANG_ANALYZER_NONNULL = YES;
				CLANG_ANALYZER_NUMBER_OBJECT_CONVERSION = YES_AGGRESSIVE;
				CLANG_CXX_LANGUAGE_STANDARD = "gnu++14";
				CLANG_CXX_LIBRARY = "libc++";
				CLANG_ENABLE_MODULES = YES;
				CLANG_ENABLE_OBJC_ARC = YES;
				CLANG_ENABLE_OBJC_WEAK = YES;
				CLANG_WARN_BLOCK_CAPTURE_AUTORELEASING = YES;
				CLANG_WARN_BOOL_CONVERSION = YES;
				CLANG_WARN_COMMA = YES;
				CLANG_WARN_CONSTANT_CONVERSION = YES;
				CLANG_WARN_DEPRECATED_OBJC_IMPLEMENTATIONS = YES;
				CLANG_WARN_DIRECT_OBJC_ISA_USAGE = YES_ERROR;
				CLANG_WARN_DOCUMENTATION_COMMENTS = YES;
				CLANG_WARN_EMPTY_BODY = YES;
				CLANG_WARN_ENUM_CONVERSION = YES;
				CLANG_WARN_INFINITE_RECURSION = YES;
				CLANG_WARN_INT_CONVERSION = YES;
				CLANG_WARN_NON_LITERAL_NULL_CONVERSION = YES;
				CLANG_WARN_OBJC_IMPLICIT_RETAIN_SELF = YES;
				CLANG_WARN_OBJC_LITERAL_CONVERSION = YES;
				CLANG_WARN_OBJC_ROOT_CLASS = YES_ERROR;
				CLANG_WARN_RANGE_LOOP_ANALYSIS = YES;
				CLANG_WARN_STRICT_PROTOTYPES = YES;
				CLANG_WARN_SUSPICIOUS_MOVE = YES;
				CLANG_WARN_UNGUARDED_AVAILABILITY = YES_AGGRESSIVE;
				CLANG_WARN_UNREACHABLE_CODE = YES;
				CLANG_WARN__DUPLICATE_METHOD_MATCH = YES;
				CODE_SIGN_IDENTITY = "iPhone Developer";
				COPY_PHASE_STRIP = NO;
				DEBUG_INFORMATION_FORMAT = dwarf;
				ENABLE_STRICT_OBJC_MSGSEND = YES;
				ENABLE_TESTABILITY = YES;
				GCC_C_LANGUAGE_STANDARD = gnu11;
				GCC_DYNAMIC_NO_PIC = NO;
				GCC_NO_COMMON_BLOCKS = YES;
				GCC_OPTIMIZATION_LEVEL = 0;
				GCC_PREPROCESSOR_DEFINITIONS = (
					"DEBUG=1",
					"$(inherited)",
				);
				GCC_WARN_64_TO_32_BIT_CONVERSION = YES;
				GCC_WARN_ABOUT_RETURN_TYPE = YES_ERROR;
				GCC_WARN_UNDECLARED_SELECTOR = YES;
				GCC_WARN_UNINITIALIZED_AUTOS = YES_AGGRESSIVE;
				GCC_WARN_UNUSED_FUNCTION = YES;
				GCC_WARN_UNUSED_VARIABLE = YES;
				IPHONEOS_DEPLOYMENT_TARGET = 12.2;
				MTL_ENABLE_DEBUG_INFO = INCLUDE_SOURCE;
				MTL_FAST_MATH = YES;
				ONLY_ACTIVE_ARCH = YES;
				SDKROOT = iphoneos;
				SWIFT_ACTIVE_COMPILATION_CONDITIONS = DEBUG;
				SWIFT_OPTIMIZATION_LEVEL = "-Onone";
			};
			name = Debug;
		};
		4BCD3CEB228E28F6004BB8B4 /* Release */ = {
			isa = XCBuildConfiguration;
			buildSettings = {
				ALWAYS_SEARCH_USER_PATHS = NO;
				CLANG_ANALYZER_NONNULL = YES;
				CLANG_ANALYZER_NUMBER_OBJECT_CONVERSION = YES_AGGRESSIVE;
				CLANG_CXX_LANGUAGE_STANDARD = "gnu++14";
				CLANG_CXX_LIBRARY = "libc++";
				CLANG_ENABLE_MODULES = YES;
				CLANG_ENABLE_OBJC_ARC = YES;
				CLANG_ENABLE_OBJC_WEAK = YES;
				CLANG_WARN_BLOCK_CAPTURE_AUTORELEASING = YES;
				CLANG_WARN_BOOL_CONVERSION = YES;
				CLANG_WARN_COMMA = YES;
				CLANG_WARN_CONSTANT_CONVERSION = YES;
				CLANG_WARN_DEPRECATED_OBJC_IMPLEMENTATIONS = YES;
				CLANG_WARN_DIRECT_OBJC_ISA_USAGE = YES_ERROR;
				CLANG_WARN_DOCUMENTATION_COMMENTS = YES;
				CLANG_WARN_EMPTY_BODY = YES;
				CLANG_WARN_ENUM_CONVERSION = YES;
				CLANG_WARN_INFINITE_RECURSION = YES;
				CLANG_WARN_INT_CONVERSION = YES;
				CLANG_WARN_NON_LITERAL_NULL_CONVERSION = YES;
				CLANG_WARN_OBJC_IMPLICIT_RETAIN_SELF = YES;
				CLANG_WARN_OBJC_LITERAL_CONVERSION = YES;
				CLANG_WARN_OBJC_ROOT_CLASS = YES_ERROR;
				CLANG_WARN_RANGE_LOOP_ANALYSIS = YES;
				CLANG_WARN_STRICT_PROTOTYPES = YES;
				CLANG_WARN_SUSPICIOUS_MOVE = YES;
				CLANG_WARN_UNGUARDED_AVAILABILITY = YES_AGGRESSIVE;
				CLANG_WARN_UNREACHABLE_CODE = YES;
				CLANG_WARN__DUPLICATE_METHOD_MATCH = YES;
				CODE_SIGN_IDENTITY = "iPhone Developer";
				COPY_PHASE_STRIP = NO;
				DEBUG_INFORMATION_FORMAT = "dwarf-with-dsym";
				ENABLE_NS_ASSERTIONS = NO;
				ENABLE_STRICT_OBJC_MSGSEND = YES;
				GCC_C_LANGUAGE_STANDARD = gnu11;
				GCC_NO_COMMON_BLOCKS = YES;
				GCC_WARN_64_TO_32_BIT_CONVERSION = YES;
				GCC_WARN_ABOUT_RETURN_TYPE = YES_ERROR;
				GCC_WARN_UNDECLARED_SELECTOR = YES;
				GCC_WARN_UNINITIALIZED_AUTOS = YES_AGGRESSIVE;
				GCC_WARN_UNUSED_FUNCTION = YES;
				GCC_WARN_UNUSED_VARIABLE = YES;
				IPHONEOS_DEPLOYMENT_TARGET = 12.2;
				MTL_ENABLE_DEBUG_INFO = NO;
				MTL_FAST_MATH = YES;
				SDKROOT = iphoneos;
				SWIFT_COMPILATION_MODE = wholemodule;
				SWIFT_OPTIMIZATION_LEVEL = "-O";
				VALIDATE_PRODUCT = YES;
			};
			name = Release;
		};
		4BCD3CED228E28F6004BB8B4 /* Debug */ = {
			isa = XCBuildConfiguration;
			buildSettings = {
				ASSETCATALOG_COMPILER_APPICON_NAME = AppIcon;
				CODE_SIGN_STYLE = Automatic;
				DEVELOPMENT_TEAM = JUBACXB2QJ;
				INFOPLIST_FILE = Pokebox/Info.plist;
				LD_RUNPATH_SEARCH_PATHS = (
					"$(inherited)",
					"@executable_path/Frameworks",
				);
				PRODUCT_BUNDLE_IDENTIFIER = br.pucpr.appledeveloperacademy.yumi.Pokebox;
				PRODUCT_NAME = "$(TARGET_NAME)";
				SWIFT_VERSION = 5.0;
				TARGETED_DEVICE_FAMILY = "1,2";
			};
			name = Debug;
		};
		4BCD3CEE228E28F6004BB8B4 /* Release */ = {
			isa = XCBuildConfiguration;
			buildSettings = {
				ASSETCATALOG_COMPILER_APPICON_NAME = AppIcon;
				CODE_SIGN_STYLE = Automatic;
				DEVELOPMENT_TEAM = JUBACXB2QJ;
				INFOPLIST_FILE = Pokebox/Info.plist;
				LD_RUNPATH_SEARCH_PATHS = (
					"$(inherited)",
					"@executable_path/Frameworks",
				);
				PRODUCT_BUNDLE_IDENTIFIER = br.pucpr.appledeveloperacademy.yumi.Pokebox;
				PRODUCT_NAME = "$(TARGET_NAME)";
				SWIFT_VERSION = 5.0;
				TARGETED_DEVICE_FAMILY = "1,2";
			};
			name = Release;
		};
/* End XCBuildConfiguration section */

/* Begin XCConfigurationList section */
		4BCD3CD5228E28F3004BB8B4 /* Build configuration list for PBXProject "Pokebox" */ = {
			isa = XCConfigurationList;
			buildConfigurations = (
				4BCD3CEA228E28F6004BB8B4 /* Debug */,
				4BCD3CEB228E28F6004BB8B4 /* Release */,
			);
			defaultConfigurationIsVisible = 0;
			defaultConfigurationName = Release;
		};
		4BCD3CEC228E28F6004BB8B4 /* Build configuration list for PBXNativeTarget "Pokebox" */ = {
			isa = XCConfigurationList;
			buildConfigurations = (
				4BCD3CED228E28F6004BB8B4 /* Debug */,
				4BCD3CEE228E28F6004BB8B4 /* Release */,
			);
			defaultConfigurationIsVisible = 0;
			defaultConfigurationName = Release;
		};
/* End XCConfigurationList section */
	};
	rootObject = 4BCD3CD2228E28F3004BB8B4 /* Project object */;
}
